
Microsoft Visual Studio Solution File, Format Version 12.00
# Visual Studio Version 17
VisualStudioVersion = 17.6.33815.320
MinimumVisualStudioVersion = 10.0.40219.1
Project("{9A19103F-16F7-4668-BE54-9A1E7A4F7556}") = "CodingSolutions.API", "CodingSolutions.API\CodingSolutions.API.csproj", "{EB53F00C-1DA6-4A0F-9D3E-9A6216AA0380}"
EndProject
Project("{9A19103F-16F7-4668-BE54-9A1E7A4F7556}") = "CodingSolutions.Domain", "CodingSolutions.Domain\CodingSolutions.Domain.csproj", "{BD92063B-72F2-4B8F-AAC9-6AFCB763789C}"
EndProject
Project("{9A19103F-16F7-4668-BE54-9A1E7A4F7556}") = "CodingSolutions.DataAccess", "CodingSolutions.DataAccess\CodingSolutions.DataAccess.csproj", "{CAFE7642-E5C3-4978-B82C-74982A7F6004}"
EndProject
Project("{9A19103F-16F7-4668-BE54-9A1E7A4F7556}") = "CodingSolutions.Infrastructure", "CodingSolutions.Infrastructure\CodingSolutions.Infrastructure.csproj", "{051199B7-5409-4A82-AC95-13E0DEE6245A}"
EndProject
Global
	GlobalSection(SolutionConfigurationPlatforms) = preSolution
		Debug|Any CPU = Debug|Any CPU
		Release|Any CPU = Release|Any CPU
	EndGlobalSection
	GlobalSection(ProjectConfigurationPlatforms) = postSolution
		{EB53F00C-1DA6-4A0F-9D3E-9A6216AA0380}.Debug|Any CPU.ActiveCfg = Debug|Any CPU
		{EB53F00C-1DA6-4A0F-9D3E-9A6216AA0380}.Debug|Any CPU.Build.0 = Debug|Any CPU
		{EB53F00C-1DA6-4A0F-9D3E-9A6216AA0380}.Release|Any CPU.ActiveCfg = Release|Any CPU
		{EB53F00C-1DA6-4A0F-9D3E-9A6216AA0380}.Release|Any CPU.Build.0 = Release|Any CPU
		{BD92063B-72F2-4B8F-AAC9-6AFCB763789C}.Debug|Any CPU.ActiveCfg = Debug|Any CPU
		{BD92063B-72F2-4B8F-AAC9-6AFCB763789C}.Debug|Any CPU.Build.0 = Debug|Any CPU
		{BD92063B-72F2-4B8F-AAC9-6AFCB763789C}.Release|Any CPU.ActiveCfg = Release|Any CPU
		{BD92063B-72F2-4B8F-AAC9-6AFCB763789C}.Release|Any CPU.Build.0 = Release|Any CPU
		{CAFE7642-E5C3-4978-B82C-74982A7F6004}.Debug|Any CPU.ActiveCfg = Debug|Any CPU
		{CAFE7642-E5C3-4978-B82C-74982A7F6004}.Debug|Any CPU.Build.0 = Debug|Any CPU
		{CAFE7642-E5C3-4978-B82C-74982A7F6004}.Release|Any CPU.ActiveCfg = Release|Any CPU
		{CAFE7642-E5C3-4978-B82C-74982A7F6004}.Release|Any CPU.Build.0 = Release|Any CPU
		{051199B7-5409-4A82-AC95-13E0DEE6245A}.Debug|Any CPU.ActiveCfg = Debug|Any CPU
		{051199B7-5409-4A82-AC95-13E0DEE6245A}.Debug|Any CPU.Build.0 = Debug|Any CPU
		{051199B7-5409-4A82-AC95-13E0DEE6245A}.Release|Any CPU.ActiveCfg = Release|Any CPU
		{051199B7-5409-4A82-AC95-13E0DEE6245A}.Release|Any CPU.Build.0 = Release|Any CPU
	EndGlobalSection
	GlobalSection(SolutionProperties) = preSolution
		HideSolutionNode = FALSE
	EndGlobalSection
	GlobalSection(ExtensibilityGlobals) = postSolution
		SolutionGuid = {50FB89B3-977B-44E2-BF9D-F8687D784E61}
	EndGlobalSection
EndGlobal
